
Microsoft Visual Studio Solution File, Format Version 12.00
# Visual Studio 15
VisualStudioVersion = 15.0.27130.2027
MinimumVisualStudioVersion = 10.0.40219.1
Project("{FAE04EC0-301F-11D3-BF4B-00C04F79EFBC}") = "TP1", "TP1\TP1.csproj", "{48DFA9AD-67C8-4641-9518-470A7F347A73}"
EndProject
Global
	GlobalSection(SolutionConfigurationPlatforms) = preSolution
		Debug|Any CPU = Debug|Any CPU
		Release|Any CPU = Release|Any CPU
	EndGlobalSection
	GlobalSection(ProjectConfigurationPlatforms) = postSolution
		{48DFA9AD-67C8-4641-9518-470A7F347A73}.Debug|Any CPU.ActiveCfg = Debug|Any CPU
		{48DFA9AD-67C8-4641-9518-470A7F347A73}.Debug|Any CPU.Build.0 = Debug|Any CPU
		{48DFA9AD-67C8-4641-9518-470A7F347A73}.Release|Any CPU.ActiveCfg = Release|Any CPU
		{48DFA9AD-67C8-4641-9518-470A7F347A73}.Release|Any CPU.Build.0 = Release|Any CPU
	EndGlobalSection
	GlobalSection(SolutionProperties) = preSolution
		HideSolutionNode = FALSE
	EndGlobalSection
	GlobalSection(ExtensibilityGlobals) = postSolution
		SolutionGuid = {4C0C36AB-4689-456D-B2F2-726B47BCA904}
	EndGlobalSection
EndGlobal
